<?xml version="1.0" encoding="utf-8"?>
<Project ToolsVersion="4.0" xmlns="http://schemas.microsoft.com/developer/msbuild/2003">
  <ItemGroup>
    <Filter Include="Source Files">
      <UniqueIdentifier>{74170813-66d2-4743-adbc-0bb0c49970ca}</UniqueIdentifier>
      <Extensions>cpp;c;cxx;rc;def;r;odl;idl;hpj;bat</Extensions>
    </Filter>
    <Filter Include="Header Files">
      <UniqueIdentifier>{d0e769f8-3ea3-4aad-97bf-8176a284725c}</UniqueIdentifier>
      <Extensions>h;hpp;hxx;hm;inl</Extensions>
    </Filter>
    <Filter Include="Library Files">
      <UniqueIdentifier>{475ad5cb-3dfd-47f4-8428-f960e92ef97e}</UniqueIdentifier>
      <Extensions>lib</Extensions>
    </Filter>
  </ItemGroup>
  <ItemGroup>
    <ClCompile Include="RdWrt.c">
      <Filter>Source Files</Filter>
    </ClCompile>
  </ItemGroup>
  <ItemGroup>
    <ClInclude Include="$(VXIPNPPATH)\WinNT\include\visa.h">
      <Filter>Header Files</Filter>
    </ClInclude>
    <ClInclude Include="$(VXIPNPPATH)\WinNT\include\visatype.h">
      <Filter>Header Files</Filter>
    </ClInclude>
  </ItemGroup>
</Project>