<?xml version="1.0" encoding="utf-8"?>
<Project ToolsVersion="4.0" xmlns="http://schemas.microsoft.com/developer/msbuild/2003">
  <ItemGroup>
    <Filter Include="Source Files">
      <UniqueIdentifier>{4bfa83b4-72fe-48c9-85d8-9dcc109b3fa1}</UniqueIdentifier>
      <Extensions>cpp;c;cxx;rc;def;r;odl;idl;hpj;bat</Extensions>
    </Filter>
    <Filter Include="Header Files">
      <UniqueIdentifier>{b097ed9b-3e7f-4798-b465-d49fd5f1ff79}</UniqueIdentifier>
      <Extensions>h;hpp;hxx;hm;inl</Extensions>
    </Filter>
    <Filter Include="Resource Files">
      <UniqueIdentifier>{3dd658fa-7017-4cdc-a1e8-52b63b56f0cc}</UniqueIdentifier>
      <Extensions>ico;cur;bmp;dlg;rc2;rct;bin;rgs;gif;jpg;jpeg;jpe</Extensions>
    </Filter>
  </ItemGroup>
  <ItemGroup>
    <ClCompile Include="tcpip.c">
      <Filter>Source Files</Filter>
    </ClCompile>
  </ItemGroup>
  <ItemGroup>
    <ClInclude Include="$(VXIPNPPATH)\WinNT\include\visa.h">
      <Filter>Header Files</Filter>
    </ClInclude>
    <ClInclude Include="$(VXIPNPPATH)\WinNT\include\visatype.h">
      <Filter>Header Files</Filter>
    </ClInclude>
  </ItemGroup>
</Project>